{
  "version": 4,
  "terraform_version": "1.4.6",
  "serial": 274,
  "lineage": "aa545546-d610-74ec-f955-dba5eb08a896",
  "outputs": {
    "alb_dns_name": {
      "value": "terraform-asg-example-333163.us-east-1.elb.amazonaws.com",
      "type": "string"
    }
  },
  "resources": [
    {
      "mode": "data",
      "type": "aws_subnets",
      "name": "default",
      "provider": "provider[\"registry.terraform.io/hashicorp/aws\"]",
      "instances": [
        {
          "schema_version": 0,
          "attributes": {
            "filter": [
              {
                "name": "vpc-id",
                "values": [
                  "vpc-2a7d1051"
                ]
              }
            ],
            "id": "us-east-1",
            "ids": [
              "subnet-b401e7d3",
              "subnet-2ad7d877",
              "subnet-8b444da4",
              "subnet-b8cd1ef2",
              "subnet-9b04b094",
              "subnet-df91a2e0"
            ],
            "tags": null,
            "timeouts": null
          },
          "sensitive_attributes": []
        }
      ]
    },
    {
      "mode": "data",
      "type": "aws_vpc",
      "name": "default",
      "provider": "provider[\"registry.terraform.io/hashicorp/aws\"]",
      "instances": [
        {
          "schema_version": 0,
          "attributes": {
            "arn": "arn:aws:ec2:us-east-1:374766630388:vpc/vpc-2a7d1051",
            "cidr_block": "172.31.0.0/16",
            "cidr_block_associations": [
              {
                "association_id": "vpc-cidr-assoc-c8caa0a5",
                "cidr_block": "172.31.0.0/16",
                "state": "associated"
              }
            ],
            "default": true,
            "dhcp_options_id": "dopt-3db1b745",
            "enable_dns_hostnames": true,
            "enable_dns_support": true,
            "enable_network_address_usage_metrics": false,
            "filter": null,
            "id": "vpc-2a7d1051",
            "instance_tenancy": "default",
            "ipv6_association_id": "",
            "ipv6_cidr_block": "",
            "main_route_table_id": "rtb-63e3861f",
            "owner_id": "374766630388",
            "state": null,
            "tags": {},
            "timeouts": null
          },
          "sensitive_attributes": []
        }
      ]
    },
    {
      "mode": "managed",
      "type": "aws_autoscaling_group",
      "name": "example",
      "provider": "provider[\"registry.terraform.io/hashicorp/aws\"]",
      "instances": [
        {
          "schema_version": 0,
          "attributes": {
            "arn": "arn:aws:autoscaling:us-east-1:374766630388:autoScalingGroup:9576acf6-3edd-4366-8790-f0e924fcb931:autoScalingGroupName/terraform-20230612094650808800000002",
            "availability_zones": [
              "us-east-1a",
              "us-east-1b",
              "us-east-1c",
              "us-east-1d",
              "us-east-1e",
              "us-east-1f"
            ],
            "capacity_rebalance": false,
            "context": "",
            "default_cooldown": 300,
            "default_instance_warmup": 0,
            "desired_capacity": 1,
            "desired_capacity_type": "",
            "enabled_metrics": [],
            "force_delete": false,
            "force_delete_warm_pool": false,
            "health_check_grace_period": 300,
            "health_check_type": "ELB",
            "id": "terraform-20230612094650808800000002",
            "initial_lifecycle_hook": [],
            "instance_refresh": [],
            "launch_configuration": "terraform-20230613032724726000000001",
            "launch_template": [],
            "load_balancers": [],
            "max_instance_lifetime": 0,
            "max_size": 2,
            "metrics_granularity": "1Minute",
            "min_elb_capacity": null,
            "min_size": 1,
            "mixed_instances_policy": [],
            "name": "terraform-20230612094650808800000002",
            "name_prefix": "terraform-",
            "placement_group": "",
            "predicted_capacity": 0,
            "protect_from_scale_in": false,
            "service_linked_role_arn": "arn:aws:iam::374766630388:role/aws-service-role/autoscaling.amazonaws.com/AWSServiceRoleForAutoScaling",
            "suspended_processes": [],
            "tag": [
              {
                "key": "Name",
                "propagate_at_launch": true,
                "value": "terraform-asg-example"
              }
            ],
            "target_group_arns": [
              "arn:aws:elasticloadbalancing:us-east-1:374766630388:targetgroup/terraform-asg-example/96f0c1d3764df59a"
            ],
            "termination_policies": [],
            "timeouts": null,
            "vpc_zone_identifier": [
              "subnet-2ad7d877",
              "subnet-8b444da4",
              "subnet-9b04b094",
              "subnet-b401e7d3",
              "subnet-b8cd1ef2",
              "subnet-df91a2e0"
            ],
            "wait_for_capacity_timeout": "10m",
            "wait_for_elb_capacity": null,
            "warm_pool": [],
            "warm_pool_size": 0
          },
          "sensitive_attributes": [],
          "private": "eyJlMmJmYjczMC1lY2FhLTExZTYtOGY4OC0zNDM2M2JjN2M0YzAiOnsiZGVsZXRlIjo2MDAwMDAwMDAwMDAsInVwZGF0ZSI6NjAwMDAwMDAwMDAwfX0=",
          "dependencies": [
            "aws_key_pair.terraform",
            "aws_launch_configuration.example",
            "aws_lb_target_group.asg",
            "aws_security_group.alb",
            "data.aws_subnets.default",
            "data.aws_vpc.default"
          ]
        }
      ]
    },
    {
      "mode": "managed",
      "type": "aws_key_pair",
      "name": "terraform",
      "provider": "provider[\"registry.terraform.io/hashicorp/aws\"]",
      "instances": [
        {
          "schema_version": 1,
          "attributes": {
            "arn": "arn:aws:ec2:us-east-1:374766630388:key-pair/terraform",
            "fingerprint": "60:a4:0f:1c:06:02:77:de:93:78:9c:34:57:08:71:8d",
            "id": "terraform",
            "key_name": "terraform",
            "key_name_prefix": "",
            "key_pair_id": "key-0125d6ecfda04b82f",
            "key_type": "rsa",
            "public_key": "ssh-rsa AAAAB3NzaC1yc2EAAAADAQABAAACAQDBGrHCC95QsUPZozICYflAVpTHe0gcBUDklM3CYmYqUvwHXNSRoZEQWv+HMMNHAekDg3UKG27l+mYCqHiOOHMCmNjPBa6JvwBHTlBI0MHnZao2IZbRph72+3BQ3tIErXQeHhcgjbqQYMsrJRNqof4kUzNztQc6eKWyrMPWtgN7KmhU4efA03tsEwM2cl89YKHxAh5BkKIgbwPXwWyRCSl8N/cBgDNXA3rtHw/gAzunBW2GpB4CQekng9ddShOzn5vgs4ODoDOvyHSl1boj2cMu3/R95c8VgsralyobQ6s4NN7WhjtJmfumbz5kAfD4zAu3UFm5JJBRhjv7hLXIkrq7LKGpgoGkPEGKV01pK61sSYEngesZ3knjQXWanmJqbLdHhH+pzZG2zmGeI5BzOsHuSPdA9+pPXO/glZg5zK8aiSAWjmNGcPS1h1Tfbz4zk8fSGYL7HB0vTVOt4GPkwv9MEUr/hZUsJ+uk1G4t6lrglgrqCY3UvT0JXh0etlPWrtREtYXNYLOoYM44IcJKWGeLSjyIpe0IVyNldvdfWiJe5fnabmCIJhOaep2xClMuCqhkpBIVpzLFcEEqupGoJSH0G5i8xlQ/V9C5mL4xuF3IN1ah+gHNqb4PXGxXpSCxfE3jmgBG0GcBymQPONnjPjOiMwRvx6qCbowhQ+LdyxVfmQ== tarpanpathak720@gmail.com",
            "tags": {},
            "tags_all": {}
          },
          "sensitive_attributes": [],
          "private": "eyJzY2hlbWFfdmVyc2lvbiI6IjEifQ==",
          "create_before_destroy": true
        }
      ]
    },
    {
      "mode": "managed",
      "type": "aws_launch_configuration",
      "name": "example",
      "provider": "provider[\"registry.terraform.io/hashicorp/aws\"]",
      "instances": [
        {
          "schema_version": 0,
          "attributes": {
            "arn": "arn:aws:autoscaling:us-east-1:374766630388:launchConfiguration:2f33a8ce-1474-41c6-9689-efb56a864df0:launchConfigurationName/terraform-20230613032724726000000001",
            "associate_public_ip_address": false,
            "ebs_block_device": [],
            "ebs_optimized": false,
            "enable_monitoring": true,
            "ephemeral_block_device": [],
            "iam_instance_profile": "",
            "id": "terraform-20230613032724726000000001",
            "image_id": "ami-0889a44b331db0194",
            "instance_type": "t2.micro",
            "key_name": "terraform",
            "metadata_options": [],
            "name": "terraform-20230613032724726000000001",
            "name_prefix": "terraform-",
            "placement_tenancy": "",
            "root_block_device": [],
            "security_groups": [
              "sg-002150e0832df4022"
            ],
            "spot_price": "",
            "user_data": "d8ee8ff93dd659bc802eb4392dd9f7811229517c",
            "user_data_base64": null
          },
          "sensitive_attributes": [],
          "private": "bnVsbA==",
          "dependencies": [
            "aws_key_pair.terraform",
            "aws_security_group.alb"
          ],
          "create_before_destroy": true
        }
      ]
    },
    {
      "mode": "managed",
      "type": "aws_lb",
      "name": "example",
      "provider": "provider[\"registry.terraform.io/hashicorp/aws\"]",
      "instances": [
        {
          "schema_version": 0,
          "attributes": {
            "access_logs": [
              {
                "bucket": "",
                "enabled": false,
                "prefix": ""
              }
            ],
            "arn": "arn:aws:elasticloadbalancing:us-east-1:374766630388:loadbalancer/app/terraform-asg-example/20150c20bbc91072",
            "arn_suffix": "app/terraform-asg-example/20150c20bbc91072",
            "customer_owned_ipv4_pool": "",
            "desync_mitigation_mode": "defensive",
            "dns_name": "terraform-asg-example-333163.us-east-1.elb.amazonaws.com",
            "drop_invalid_header_fields": false,
            "enable_cross_zone_load_balancing": true,
            "enable_deletion_protection": false,
            "enable_http2": true,
            "enable_tls_version_and_cipher_suite_headers": false,
            "enable_waf_fail_open": false,
            "enable_xff_client_port": false,
            "id": "arn:aws:elasticloadbalancing:us-east-1:374766630388:loadbalancer/app/terraform-asg-example/20150c20bbc91072",
            "idle_timeout": 60,
            "internal": false,
            "ip_address_type": "ipv4",
            "load_balancer_type": "application",
            "name": "terraform-asg-example",
            "name_prefix": null,
            "preserve_host_header": false,
            "security_groups": [
              "sg-002150e0832df4022"
            ],
            "subnet_mapping": [
              {
                "allocation_id": "",
                "ipv6_address": "",
                "outpost_id": "",
                "private_ipv4_address": "",
                "subnet_id": "subnet-2ad7d877"
              },
              {
                "allocation_id": "",
                "ipv6_address": "",
                "outpost_id": "",
                "private_ipv4_address": "",
                "subnet_id": "subnet-8b444da4"
              },
              {
                "allocation_id": "",
                "ipv6_address": "",
                "outpost_id": "",
                "private_ipv4_address": "",
                "subnet_id": "subnet-9b04b094"
              },
              {
                "allocation_id": "",
                "ipv6_address": "",
                "outpost_id": "",
                "private_ipv4_address": "",
                "subnet_id": "subnet-b401e7d3"
              },
              {
                "allocation_id": "",
                "ipv6_address": "",
                "outpost_id": "",
                "private_ipv4_address": "",
                "subnet_id": "subnet-b8cd1ef2"
              },
              {
                "allocation_id": "",
                "ipv6_address": "",
                "outpost_id": "",
                "private_ipv4_address": "",
                "subnet_id": "subnet-df91a2e0"
              }
            ],
            "subnets": [
              "subnet-2ad7d877",
              "subnet-8b444da4",
              "subnet-9b04b094",
              "subnet-b401e7d3",
              "subnet-b8cd1ef2",
              "subnet-df91a2e0"
            ],
            "tags": {},
            "tags_all": {},
            "timeouts": null,
            "vpc_id": "vpc-2a7d1051",
            "xff_header_processing_mode": "append",
            "zone_id": "Z35SXDOTRQ7X7K"
          },
          "sensitive_attributes": [],
          "private": "eyJlMmJmYjczMC1lY2FhLTExZTYtOGY4OC0zNDM2M2JjN2M0YzAiOnsiY3JlYXRlIjo2MDAwMDAwMDAwMDAsImRlbGV0ZSI6NjAwMDAwMDAwMDAwLCJ1cGRhdGUiOjYwMDAwMDAwMDAwMH19",
          "dependencies": [
            "aws_security_group.alb",
            "data.aws_subnets.default",
            "data.aws_vpc.default"
          ]
        }
      ]
    },
    {
      "mode": "managed",
      "type": "aws_lb_listener",
      "name": "http",
      "provider": "provider[\"registry.terraform.io/hashicorp/aws\"]",
      "instances": [
        {
          "schema_version": 0,
          "attributes": {
            "alpn_policy": null,
            "arn": "arn:aws:elasticloadbalancing:us-east-1:374766630388:listener/app/terraform-asg-example/20150c20bbc91072/345691bb3df2aae3",
            "certificate_arn": null,
            "default_action": [
              {
                "authenticate_cognito": [],
                "authenticate_oidc": [],
                "fixed_response": [
                  {
                    "content_type": "text/plain",
                    "message_body": "404: page not found",
                    "status_code": "404"
                  }
                ],
                "forward": [],
                "order": 1,
                "redirect": [],
                "target_group_arn": "",
                "type": "fixed-response"
              }
            ],
            "id": "arn:aws:elasticloadbalancing:us-east-1:374766630388:listener/app/terraform-asg-example/20150c20bbc91072/345691bb3df2aae3",
            "load_balancer_arn": "arn:aws:elasticloadbalancing:us-east-1:374766630388:loadbalancer/app/terraform-asg-example/20150c20bbc91072",
            "port": 80,
            "protocol": "HTTP",
            "ssl_policy": "",
            "tags": {},
            "tags_all": {},
            "timeouts": null
          },
          "sensitive_attributes": [],
          "private": "eyJlMmJmYjczMC1lY2FhLTExZTYtOGY4OC0zNDM2M2JjN2M0YzAiOnsicmVhZCI6NjAwMDAwMDAwMDAwfX0=",
          "dependencies": [
            "aws_lb.example",
            "aws_security_group.alb",
            "data.aws_subnets.default",
            "data.aws_vpc.default"
          ]
        }
      ]
    },
    {
      "mode": "managed",
      "type": "aws_lb_listener_rule",
      "name": "asg",
      "provider": "provider[\"registry.terraform.io/hashicorp/aws\"]",
      "instances": [
        {
          "schema_version": 0,
          "attributes": {
            "action": [
              {
                "authenticate_cognito": [],
                "authenticate_oidc": [],
                "fixed_response": [],
                "forward": [],
                "order": 1,
                "redirect": [],
                "target_group_arn": "arn:aws:elasticloadbalancing:us-east-1:374766630388:targetgroup/terraform-asg-example/96f0c1d3764df59a",
                "type": "forward"
              }
            ],
            "arn": "arn:aws:elasticloadbalancing:us-east-1:374766630388:listener-rule/app/terraform-asg-example/20150c20bbc91072/345691bb3df2aae3/01e8e0638d4ac3ca",
            "condition": [
              {
                "host_header": [],
                "http_header": [],
                "http_request_method": [],
                "path_pattern": [
                  {
                    "values": [
                      "*"
                    ]
                  }
                ],
                "query_string": [],
                "source_ip": []
              }
            ],
            "id": "arn:aws:elasticloadbalancing:us-east-1:374766630388:listener-rule/app/terraform-asg-example/20150c20bbc91072/345691bb3df2aae3/01e8e0638d4ac3ca",
            "listener_arn": "arn:aws:elasticloadbalancing:us-east-1:374766630388:listener/app/terraform-asg-example/20150c20bbc91072/345691bb3df2aae3",
            "priority": 100,
            "tags": {},
            "tags_all": {}
          },
          "sensitive_attributes": [],
          "private": "bnVsbA==",
          "dependencies": [
            "aws_lb.example",
            "aws_lb_listener.http",
            "aws_lb_target_group.asg",
            "aws_security_group.alb",
            "data.aws_subnets.default",
            "data.aws_vpc.default"
          ]
        }
      ]
    },
    {
      "mode": "managed",
      "type": "aws_lb_target_group",
      "name": "asg",
      "provider": "provider[\"registry.terraform.io/hashicorp/aws\"]",
      "instances": [
        {
          "schema_version": 0,
          "attributes": {
            "arn": "arn:aws:elasticloadbalancing:us-east-1:374766630388:targetgroup/terraform-asg-example/96f0c1d3764df59a",
            "arn_suffix": "targetgroup/terraform-asg-example/96f0c1d3764df59a",
            "connection_termination": false,
            "deregistration_delay": "300",
            "health_check": [
              {
                "enabled": true,
                "healthy_threshold": 2,
                "interval": 15,
                "matcher": "200",
                "path": "/",
                "port": "traffic-port",
                "protocol": "HTTP",
                "timeout": 3,
                "unhealthy_threshold": 2
              }
            ],
            "id": "arn:aws:elasticloadbalancing:us-east-1:374766630388:targetgroup/terraform-asg-example/96f0c1d3764df59a",
            "ip_address_type": "ipv4",
            "lambda_multi_value_headers_enabled": false,
            "load_balancing_algorithm_type": "round_robin",
            "load_balancing_cross_zone_enabled": "use_load_balancer_configuration",
            "name": "terraform-asg-example",
            "name_prefix": null,
            "port": 80,
            "preserve_client_ip": null,
            "protocol": "HTTP",
            "protocol_version": "HTTP1",
            "proxy_protocol_v2": false,
            "slow_start": 0,
            "stickiness": [
              {
                "cookie_duration": 86400,
                "cookie_name": "",
                "enabled": false,
                "type": "lb_cookie"
              }
            ],
            "tags": {},
            "tags_all": {},
            "target_failover": [
              {
                "on_deregistration": null,
                "on_unhealthy": null
              }
            ],
            "target_type": "instance",
            "vpc_id": "vpc-2a7d1051"
          },
          "sensitive_attributes": [],
          "private": "bnVsbA==",
          "dependencies": [
            "data.aws_vpc.default"
          ]
        }
      ]
    },
    {
      "mode": "managed",
      "type": "aws_security_group",
      "name": "alb",
      "provider": "provider[\"registry.terraform.io/hashicorp/aws\"]",
      "instances": [
        {
          "schema_version": 1,
          "attributes": {
            "arn": "arn:aws:ec2:us-east-1:374766630388:security-group/sg-002150e0832df4022",
            "description": "Managed by Terraform",
            "egress": [
              {
                "cidr_blocks": [
                  "0.0.0.0/0"
                ],
                "description": "",
                "from_port": 0,
                "ipv6_cidr_blocks": [],
                "prefix_list_ids": [],
                "protocol": "-1",
                "security_groups": [],
                "self": false,
                "to_port": 0
              }
            ],
            "id": "sg-002150e0832df4022",
            "ingress": [
              {
                "cidr_blocks": [
                  "0.0.0.0/0"
                ],
                "description": "",
                "from_port": 22,
                "ipv6_cidr_blocks": [],
                "prefix_list_ids": [],
                "protocol": "tcp",
                "security_groups": [],
                "self": false,
                "to_port": 22
              },
              {
                "cidr_blocks": [
                  "0.0.0.0/0"
                ],
                "description": null,
                "from_port": 80,
                "ipv6_cidr_blocks": [],
                "prefix_list_ids": [],
                "protocol": "tcp",
                "security_groups": [],
                "self": false,
                "to_port": 80
              }
            ],
            "name": "terraform-example-alb",
            "name_prefix": "",
            "owner_id": "374766630388",
            "revoke_rules_on_delete": false,
            "tags": {},
            "tags_all": {},
            "timeouts": null,
            "vpc_id": "vpc-2a7d1051"
          },
          "sensitive_attributes": [],
          "private": "eyJlMmJmYjczMC1lY2FhLTExZTYtOGY4OC0zNDM2M2JjN2M0YzAiOnsiY3JlYXRlIjo2MDAwMDAwMDAwMDAsImRlbGV0ZSI6OTAwMDAwMDAwMDAwfSwic2NoZW1hX3ZlcnNpb24iOiIxIn0="
        }
      ]
    }
  ],
  "check_results": null
}
